
Microsoft Visual Studio Solution File, Format Version 12.00
# Visual Studio Version 16
VisualStudioVersion = 16.0.31005.135
MinimumVisualStudioVersion = 10.0.40219.1
Project("{FAE04EC0-301F-11D3-BF4B-00C04F79EFBC}") = "FinalProject", "FinalProject\FinalProject.csproj", "{4EBAC6CD-2453-4B77-B992-2DF9993DA8D9}"
EndProject
Project("{FAE04EC0-301F-11D3-BF4B-00C04F79EFBC}") = "FinalProjectDAC", "FinalProjectDAC\FinalProjectDAC.csproj", "{D040B795-BC61-4958-93E5-F0016144327B}"
EndProject
Project("{FAE04EC0-301F-11D3-BF4B-00C04F79EFBC}") = "POP", "POP\POP.csproj", "{4CE23D7D-5876-4CF8-80FE-9E90A93CA9EA}"
EndProject
Project("{FAE04EC0-301F-11D3-BF4B-00C04F79EFBC}") = "FinalProjectWeb", "FinalProjectWeb\FinalProjectWeb.csproj", "{CF2B96A2-84C6-4DBA-A505-E3CDFEFFB43A}"
EndProject
Project("{FAE04EC0-301F-11D3-BF4B-00C04F79EFBC}") = "FinalProjectVO", "ClassLibrary1\FinalProjectVO.csproj", "{511FE5D6-1F1C-4358-B72B-17821BCC2A93}"
EndProject
Project("{FAE04EC0-301F-11D3-BF4B-00C04F79EFBC}") = "POPMachine", "POPMachine\POPMachine.csproj", "{A7A38E5A-10AE-4DE4-ADAD-E265153FB99F}"
EndProject
Global
	GlobalSection(SolutionConfigurationPlatforms) = preSolution
		Debug|Any CPU = Debug|Any CPU
		Release|Any CPU = Release|Any CPU
	EndGlobalSection
	GlobalSection(ProjectConfigurationPlatforms) = postSolution
		{4EBAC6CD-2453-4B77-B992-2DF9993DA8D9}.Debug|Any CPU.ActiveCfg = Debug|Any CPU
		{4EBAC6CD-2453-4B77-B992-2DF9993DA8D9}.Debug|Any CPU.Build.0 = Debug|Any CPU
		{4EBAC6CD-2453-4B77-B992-2DF9993DA8D9}.Release|Any CPU.ActiveCfg = Release|Any CPU
		{4EBAC6CD-2453-4B77-B992-2DF9993DA8D9}.Release|Any CPU.Build.0 = Release|Any CPU
		{D040B795-BC61-4958-93E5-F0016144327B}.Debug|Any CPU.ActiveCfg = Debug|Any CPU
		{D040B795-BC61-4958-93E5-F0016144327B}.Debug|Any CPU.Build.0 = Debug|Any CPU
		{D040B795-BC61-4958-93E5-F0016144327B}.Release|Any CPU.ActiveCfg = Release|Any CPU
		{D040B795-BC61-4958-93E5-F0016144327B}.Release|Any CPU.Build.0 = Release|Any CPU
		{4CE23D7D-5876-4CF8-80FE-9E90A93CA9EA}.Debug|Any CPU.ActiveCfg = Debug|Any CPU
		{4CE23D7D-5876-4CF8-80FE-9E90A93CA9EA}.Debug|Any CPU.Build.0 = Debug|Any CPU
		{4CE23D7D-5876-4CF8-80FE-9E90A93CA9EA}.Release|Any CPU.ActiveCfg = Release|Any CPU
		{4CE23D7D-5876-4CF8-80FE-9E90A93CA9EA}.Release|Any CPU.Build.0 = Release|Any CPU
		{CF2B96A2-84C6-4DBA-A505-E3CDFEFFB43A}.Debug|Any CPU.ActiveCfg = Debug|Any CPU
		{CF2B96A2-84C6-4DBA-A505-E3CDFEFFB43A}.Debug|Any CPU.Build.0 = Debug|Any CPU
		{CF2B96A2-84C6-4DBA-A505-E3CDFEFFB43A}.Release|Any CPU.ActiveCfg = Release|Any CPU
		{CF2B96A2-84C6-4DBA-A505-E3CDFEFFB43A}.Release|Any CPU.Build.0 = Release|Any CPU
		{511FE5D6-1F1C-4358-B72B-17821BCC2A93}.Debug|Any CPU.ActiveCfg = Debug|Any CPU
		{511FE5D6-1F1C-4358-B72B-17821BCC2A93}.Debug|Any CPU.Build.0 = Debug|Any CPU
		{511FE5D6-1F1C-4358-B72B-17821BCC2A93}.Release|Any CPU.ActiveCfg = Release|Any CPU
		{511FE5D6-1F1C-4358-B72B-17821BCC2A93}.Release|Any CPU.Build.0 = Release|Any CPU
		{A7A38E5A-10AE-4DE4-ADAD-E265153FB99F}.Debug|Any CPU.ActiveCfg = Debug|Any CPU
		{A7A38E5A-10AE-4DE4-ADAD-E265153FB99F}.Debug|Any CPU.Build.0 = Debug|Any CPU
		{A7A38E5A-10AE-4DE4-ADAD-E265153FB99F}.Release|Any CPU.ActiveCfg = Release|Any CPU
		{A7A38E5A-10AE-4DE4-ADAD-E265153FB99F}.Release|Any CPU.Build.0 = Release|Any CPU
	EndGlobalSection
	GlobalSection(SolutionProperties) = preSolution
		HideSolutionNode = FALSE
	EndGlobalSection
	GlobalSection(ExtensibilityGlobals) = postSolution
		SolutionGuid = {D5932A20-CAB2-45E0-AEB3-F9E212F316AC}
	EndGlobalSection
EndGlobal
